
Microsoft Visual Studio Solution File, Format Version 12.00
# Visual Studio Version 17
VisualStudioVersion = 17.3.32901.215
MinimumVisualStudioVersion = 10.0.40219.1
Project("{2150E333-8FDC-42A3-9474-1A3956D46DE8}") = "Rtu", "Rtu", "{B4A46C58-860C-4E1F-9F34-D6A57CA77AD0}"
EndProject
Project("{2150E333-8FDC-42A3-9474-1A3956D46DE8}") = "DataCenter", "DataCenter", "{3A54ABF1-D57E-4DD1-AE3F-A202999C35B8}"
EndProject
Project("{2150E333-8FDC-42A3-9474-1A3956D46DE8}") = "Client", "Client", "{50FF631B-F8A2-4ED3-828D-D0DC6A99D280}"
EndProject
Project("{9A19103F-16F7-4668-BE54-9A1E7A4F7556}") = "Rtu", "Rtu\Rtu\Rtu.csproj", "{99C008DF-F917-4D22-B817-C7C54230E39D}"
EndProject
Project("{2150E333-8FDC-42A3-9474-1A3956D46DE8}") = "Shared", "Shared", "{0F835E05-95F1-4F6E-BF58-5CF330685A61}"
EndProject
Project("{9A19103F-16F7-4668-BE54-9A1E7A4F7556}") = "Dto", "Shared\Dto\Dto.csproj", "{91548749-3025-483F-B261-A91E29308B04}"
EndProject
Project("{9A19103F-16F7-4668-BE54-9A1E7A4F7556}") = "Utils", "Shared\Utils\Utils.csproj", "{A1BCC9B0-CB61-4D8F-9EF7-395B4CCFA69B}"
EndProject
Project("{9A19103F-16F7-4668-BE54-9A1E7A4F7556}") = "DataCenter", "DataCenter\DataCenter\DataCenter.csproj", "{3BAE7770-224F-4B26-B021-4FAAAC443150}"
EndProject
Project("{9A19103F-16F7-4668-BE54-9A1E7A4F7556}") = "ClientConsole", "Client\ClientConsole\ClientConsole.csproj", "{163E0457-02B4-41E6-A1FA-16AE54088F81}"
EndProject
Project("{FAE04EC0-301F-11D3-BF4B-00C04F79EFBC}") = "Graph", "Shared\Graph\Graph.csproj", "{E5550F37-E614-4C43-B145-63E5B08AF726}"
EndProject
Project("{FAE04EC0-301F-11D3-BF4B-00C04F79EFBC}") = "ComPortExperiment", "Client\ComPortExperiment\ComPortExperiment.csproj", "{6B923700-6A09-4658-96EA-83DD4B3C6995}"
EndProject
Global
	GlobalSection(SolutionConfigurationPlatforms) = preSolution
		Debug|Any CPU = Debug|Any CPU
		Release|Any CPU = Release|Any CPU
	EndGlobalSection
	GlobalSection(ProjectConfigurationPlatforms) = postSolution
		{99C008DF-F917-4D22-B817-C7C54230E39D}.Debug|Any CPU.ActiveCfg = Debug|Any CPU
		{99C008DF-F917-4D22-B817-C7C54230E39D}.Debug|Any CPU.Build.0 = Debug|Any CPU
		{99C008DF-F917-4D22-B817-C7C54230E39D}.Release|Any CPU.ActiveCfg = Release|Any CPU
		{99C008DF-F917-4D22-B817-C7C54230E39D}.Release|Any CPU.Build.0 = Release|Any CPU
		{91548749-3025-483F-B261-A91E29308B04}.Debug|Any CPU.ActiveCfg = Debug|Any CPU
		{91548749-3025-483F-B261-A91E29308B04}.Debug|Any CPU.Build.0 = Debug|Any CPU
		{91548749-3025-483F-B261-A91E29308B04}.Release|Any CPU.ActiveCfg = Release|Any CPU
		{91548749-3025-483F-B261-A91E29308B04}.Release|Any CPU.Build.0 = Release|Any CPU
		{A1BCC9B0-CB61-4D8F-9EF7-395B4CCFA69B}.Debug|Any CPU.ActiveCfg = Debug|Any CPU
		{A1BCC9B0-CB61-4D8F-9EF7-395B4CCFA69B}.Debug|Any CPU.Build.0 = Debug|Any CPU
		{A1BCC9B0-CB61-4D8F-9EF7-395B4CCFA69B}.Release|Any CPU.ActiveCfg = Release|Any CPU
		{A1BCC9B0-CB61-4D8F-9EF7-395B4CCFA69B}.Release|Any CPU.Build.0 = Release|Any CPU
		{3BAE7770-224F-4B26-B021-4FAAAC443150}.Debug|Any CPU.ActiveCfg = Debug|Any CPU
		{3BAE7770-224F-4B26-B021-4FAAAC443150}.Debug|Any CPU.Build.0 = Debug|Any CPU
		{3BAE7770-224F-4B26-B021-4FAAAC443150}.Release|Any CPU.ActiveCfg = Release|Any CPU
		{3BAE7770-224F-4B26-B021-4FAAAC443150}.Release|Any CPU.Build.0 = Release|Any CPU
		{163E0457-02B4-41E6-A1FA-16AE54088F81}.Debug|Any CPU.ActiveCfg = Debug|Any CPU
		{163E0457-02B4-41E6-A1FA-16AE54088F81}.Debug|Any CPU.Build.0 = Debug|Any CPU
		{163E0457-02B4-41E6-A1FA-16AE54088F81}.Release|Any CPU.ActiveCfg = Release|Any CPU
		{163E0457-02B4-41E6-A1FA-16AE54088F81}.Release|Any CPU.Build.0 = Release|Any CPU
		{E5550F37-E614-4C43-B145-63E5B08AF726}.Debug|Any CPU.ActiveCfg = Debug|Any CPU
		{E5550F37-E614-4C43-B145-63E5B08AF726}.Debug|Any CPU.Build.0 = Debug|Any CPU
		{E5550F37-E614-4C43-B145-63E5B08AF726}.Release|Any CPU.ActiveCfg = Release|Any CPU
		{E5550F37-E614-4C43-B145-63E5B08AF726}.Release|Any CPU.Build.0 = Release|Any CPU
		{6B923700-6A09-4658-96EA-83DD4B3C6995}.Debug|Any CPU.ActiveCfg = Debug|Any CPU
		{6B923700-6A09-4658-96EA-83DD4B3C6995}.Debug|Any CPU.Build.0 = Debug|Any CPU
		{6B923700-6A09-4658-96EA-83DD4B3C6995}.Release|Any CPU.ActiveCfg = Release|Any CPU
		{6B923700-6A09-4658-96EA-83DD4B3C6995}.Release|Any CPU.Build.0 = Release|Any CPU
	EndGlobalSection
	GlobalSection(SolutionProperties) = preSolution
		HideSolutionNode = FALSE
	EndGlobalSection
	GlobalSection(NestedProjects) = preSolution
		{99C008DF-F917-4D22-B817-C7C54230E39D} = {B4A46C58-860C-4E1F-9F34-D6A57CA77AD0}
		{91548749-3025-483F-B261-A91E29308B04} = {0F835E05-95F1-4F6E-BF58-5CF330685A61}
		{A1BCC9B0-CB61-4D8F-9EF7-395B4CCFA69B} = {0F835E05-95F1-4F6E-BF58-5CF330685A61}
		{3BAE7770-224F-4B26-B021-4FAAAC443150} = {3A54ABF1-D57E-4DD1-AE3F-A202999C35B8}
		{163E0457-02B4-41E6-A1FA-16AE54088F81} = {50FF631B-F8A2-4ED3-828D-D0DC6A99D280}
		{E5550F37-E614-4C43-B145-63E5B08AF726} = {0F835E05-95F1-4F6E-BF58-5CF330685A61}
		{6B923700-6A09-4658-96EA-83DD4B3C6995} = {50FF631B-F8A2-4ED3-828D-D0DC6A99D280}
	EndGlobalSection
	GlobalSection(ExtensibilityGlobals) = postSolution
		SolutionGuid = {60961ADF-6976-4067-B12B-30EA94B22DD7}
	EndGlobalSection
EndGlobal
