
Microsoft Visual Studio Solution File, Format Version 12.00
# Visual Studio Version 17
VisualStudioVersion = 17.3.32901.215
MinimumVisualStudioVersion = 10.0.40219.1
Project("{2150E333-8FDC-42A3-9474-1A3956D46DE8}") = "Rtu", "Rtu", "{B4A46C58-860C-4E1F-9F34-D6A57CA77AD0}"
EndProject
Project("{2150E333-8FDC-42A3-9474-1A3956D46DE8}") = "DataCenter", "DataCenter", "{3A54ABF1-D57E-4DD1-AE3F-A202999C35B8}"
EndProject
Project("{2150E333-8FDC-42A3-9474-1A3956D46DE8}") = "Client", "Client", "{50FF631B-F8A2-4ED3-828D-D0DC6A99D280}"
	ProjectSection(SolutionItems) = preProject
		Auxiliary Files\WritableConfig.txt = Auxiliary Files\WritableConfig.txt
	EndProjectSection
EndProject
Project("{9A19103F-16F7-4668-BE54-9A1E7A4F7556}") = "Rtu", "Rtu\Rtu\Rtu.csproj", "{99C008DF-F917-4D22-B817-C7C54230E39D}"
EndProject
Project("{2150E333-8FDC-42A3-9474-1A3956D46DE8}") = "Shared", "Shared", "{0F835E05-95F1-4F6E-BF58-5CF330685A61}"
EndProject
Project("{9A19103F-16F7-4668-BE54-9A1E7A4F7556}") = "Dto", "Shared\Dto\Dto.csproj", "{91548749-3025-483F-B261-A91E29308B04}"
EndProject
Project("{9A19103F-16F7-4668-BE54-9A1E7A4F7556}") = "Utils", "Shared\Utils\Utils.csproj", "{A1BCC9B0-CB61-4D8F-9EF7-395B4CCFA69B}"
EndProject
Project("{9A19103F-16F7-4668-BE54-9A1E7A4F7556}") = "DataCenter", "DataCenter\DataCenter\DataCenter.csproj", "{3BAE7770-224F-4B26-B021-4FAAAC443150}"
EndProject
Project("{9A19103F-16F7-4668-BE54-9A1E7A4F7556}") = "Graph", "Shared\Graph\Graph.csproj", "{E5550F37-E614-4C43-B145-63E5B08AF726}"
EndProject
Project("{9A19103F-16F7-4668-BE54-9A1E7A4F7556}") = "WpfClient", "Client\WpfClient\WpfClient.csproj", "{53F6DA06-2D94-401E-A65C-E7FF66241E6D}"
EndProject
Project("{9A19103F-16F7-4668-BE54-9A1E7A4F7556}") = "StringResources", "Shared\StringResources\StringResources.csproj", "{5DB35DDB-4F0D-414D-9F1F-159563E9B983}"
EndProject
Project("{9A19103F-16F7-4668-BE54-9A1E7A4F7556}") = "GMap.NET.Core", "Shared\GMap.NET.Core\GMap.NET.Core.csproj", "{F2C8BD72-1AA0-43FD-946D-32D6F87E83CF}"
EndProject
Project("{9A19103F-16F7-4668-BE54-9A1E7A4F7556}") = "GMap.NET.WindowsPresentation", "Shared\GMap.NET.WindowsPresentation\GMap.NET.WindowsPresentation.csproj", "{0787E8E3-1E1A-4786-B274-5B9CBA5D3C47}"
EndProject
Project("{9A19103F-16F7-4668-BE54-9A1E7A4F7556}") = "WpfCommonViews", "Client\WpfCommonViews\WpfCommonViews.csproj", "{E7F934E0-AB65-4146-BB64-4FDB6EEE4F33}"
EndProject
Project("{9A19103F-16F7-4668-BE54-9A1E7A4F7556}") = "Licenser", "Client\Licenser\Licenser.csproj", "{EC108942-F080-47EB-9A36-11F7E911C147}"
EndProject
Project("{9A19103F-16F7-4668-BE54-9A1E7A4F7556}") = "MapLoader", "Client\MapLoader\MapLoader.csproj", "{C5855960-2A3B-409C-8C68-CF6B51F5F82C}"
EndProject
Project("{9A19103F-16F7-4668-BE54-9A1E7A4F7556}") = "KadastrLoader", "Client\KadastrLoader\KadastrLoader.csproj", "{5D45F7E4-7B10-421E-8FE2-191EE400DFAF}"
EndProject
Project("{9A19103F-16F7-4668-BE54-9A1E7A4F7556}") = "CharonLib", "Rtu\CharonLibrary\CharonLib.csproj", "{B2DC339B-442A-4440-945C-68235E95DF93}"
EndProject
Project("{2150E333-8FDC-42A3-9474-1A3956D46DE8}") = "Auxillary Files", "Auxillary Files", "{2CC3D11B-CE9D-48C1-BB03-0C80EF460624}"
	ProjectSection(SolutionItems) = preProject
		Auxiliary Files\WritableConfig.txt = Auxiliary Files\WritableConfig.txt
	EndProjectSection
EndProject
Project("{9A19103F-16F7-4668-BE54-9A1E7A4F7556}") = "GrpcClientLib", "Client\GrpcClientLib\GrpcClientLib.csproj", "{C6E5DC39-BB08-44B2-A6FE-2CD6D45E26C1}"
EndProject
Global
	GlobalSection(SolutionConfigurationPlatforms) = preSolution
		Debug|Any CPU = Debug|Any CPU
		Debug|x86 = Debug|x86
		ForRtuXP|Any CPU = ForRtuXP|Any CPU
		ForRtuXP|x86 = ForRtuXP|x86
		Release|Any CPU = Release|Any CPU
		Release|x86 = Release|x86
	EndGlobalSection
	GlobalSection(ProjectConfigurationPlatforms) = postSolution
		{99C008DF-F917-4D22-B817-C7C54230E39D}.Debug|Any CPU.ActiveCfg = Debug|Any CPU
		{99C008DF-F917-4D22-B817-C7C54230E39D}.Debug|Any CPU.Build.0 = Debug|Any CPU
		{99C008DF-F917-4D22-B817-C7C54230E39D}.Debug|x86.ActiveCfg = Debug|Any CPU
		{99C008DF-F917-4D22-B817-C7C54230E39D}.Debug|x86.Build.0 = Debug|Any CPU
		{99C008DF-F917-4D22-B817-C7C54230E39D}.ForRtuXP|Any CPU.ActiveCfg = Release|Any CPU
		{99C008DF-F917-4D22-B817-C7C54230E39D}.ForRtuXP|Any CPU.Build.0 = Release|Any CPU
		{99C008DF-F917-4D22-B817-C7C54230E39D}.ForRtuXP|x86.ActiveCfg = Release|Any CPU
		{99C008DF-F917-4D22-B817-C7C54230E39D}.ForRtuXP|x86.Build.0 = Release|Any CPU
		{99C008DF-F917-4D22-B817-C7C54230E39D}.Release|Any CPU.ActiveCfg = Release|Any CPU
		{99C008DF-F917-4D22-B817-C7C54230E39D}.Release|Any CPU.Build.0 = Release|Any CPU
		{99C008DF-F917-4D22-B817-C7C54230E39D}.Release|x86.ActiveCfg = Release|Any CPU
		{99C008DF-F917-4D22-B817-C7C54230E39D}.Release|x86.Build.0 = Release|Any CPU
		{91548749-3025-483F-B261-A91E29308B04}.Debug|Any CPU.ActiveCfg = Debug|Any CPU
		{91548749-3025-483F-B261-A91E29308B04}.Debug|Any CPU.Build.0 = Debug|Any CPU
		{91548749-3025-483F-B261-A91E29308B04}.Debug|x86.ActiveCfg = Debug|Any CPU
		{91548749-3025-483F-B261-A91E29308B04}.Debug|x86.Build.0 = Debug|Any CPU
		{91548749-3025-483F-B261-A91E29308B04}.ForRtuXP|Any CPU.ActiveCfg = Release|Any CPU
		{91548749-3025-483F-B261-A91E29308B04}.ForRtuXP|Any CPU.Build.0 = Release|Any CPU
		{91548749-3025-483F-B261-A91E29308B04}.ForRtuXP|x86.ActiveCfg = Release|Any CPU
		{91548749-3025-483F-B261-A91E29308B04}.ForRtuXP|x86.Build.0 = Release|Any CPU
		{91548749-3025-483F-B261-A91E29308B04}.Release|Any CPU.ActiveCfg = Release|Any CPU
		{91548749-3025-483F-B261-A91E29308B04}.Release|Any CPU.Build.0 = Release|Any CPU
		{91548749-3025-483F-B261-A91E29308B04}.Release|x86.ActiveCfg = Release|Any CPU
		{91548749-3025-483F-B261-A91E29308B04}.Release|x86.Build.0 = Release|Any CPU
		{A1BCC9B0-CB61-4D8F-9EF7-395B4CCFA69B}.Debug|Any CPU.ActiveCfg = Debug|Any CPU
		{A1BCC9B0-CB61-4D8F-9EF7-395B4CCFA69B}.Debug|Any CPU.Build.0 = Debug|Any CPU
		{A1BCC9B0-CB61-4D8F-9EF7-395B4CCFA69B}.Debug|x86.ActiveCfg = Debug|Any CPU
		{A1BCC9B0-CB61-4D8F-9EF7-395B4CCFA69B}.Debug|x86.Build.0 = Debug|Any CPU
		{A1BCC9B0-CB61-4D8F-9EF7-395B4CCFA69B}.ForRtuXP|Any CPU.ActiveCfg = Release|Any CPU
		{A1BCC9B0-CB61-4D8F-9EF7-395B4CCFA69B}.ForRtuXP|Any CPU.Build.0 = Release|Any CPU
		{A1BCC9B0-CB61-4D8F-9EF7-395B4CCFA69B}.ForRtuXP|x86.ActiveCfg = Release|Any CPU
		{A1BCC9B0-CB61-4D8F-9EF7-395B4CCFA69B}.ForRtuXP|x86.Build.0 = Release|Any CPU
		{A1BCC9B0-CB61-4D8F-9EF7-395B4CCFA69B}.Release|Any CPU.ActiveCfg = Release|Any CPU
		{A1BCC9B0-CB61-4D8F-9EF7-395B4CCFA69B}.Release|Any CPU.Build.0 = Release|Any CPU
		{A1BCC9B0-CB61-4D8F-9EF7-395B4CCFA69B}.Release|x86.ActiveCfg = Release|Any CPU
		{A1BCC9B0-CB61-4D8F-9EF7-395B4CCFA69B}.Release|x86.Build.0 = Release|Any CPU
		{3BAE7770-224F-4B26-B021-4FAAAC443150}.Debug|Any CPU.ActiveCfg = Debug|Any CPU
		{3BAE7770-224F-4B26-B021-4FAAAC443150}.Debug|Any CPU.Build.0 = Debug|Any CPU
		{3BAE7770-224F-4B26-B021-4FAAAC443150}.Debug|x86.ActiveCfg = Debug|Any CPU
		{3BAE7770-224F-4B26-B021-4FAAAC443150}.Debug|x86.Build.0 = Debug|Any CPU
		{3BAE7770-224F-4B26-B021-4FAAAC443150}.ForRtuXP|Any CPU.ActiveCfg = Release|Any CPU
		{3BAE7770-224F-4B26-B021-4FAAAC443150}.ForRtuXP|Any CPU.Build.0 = Release|Any CPU
		{3BAE7770-224F-4B26-B021-4FAAAC443150}.ForRtuXP|x86.ActiveCfg = Release|Any CPU
		{3BAE7770-224F-4B26-B021-4FAAAC443150}.ForRtuXP|x86.Build.0 = Release|Any CPU
		{3BAE7770-224F-4B26-B021-4FAAAC443150}.Release|Any CPU.ActiveCfg = Release|Any CPU
		{3BAE7770-224F-4B26-B021-4FAAAC443150}.Release|Any CPU.Build.0 = Release|Any CPU
		{3BAE7770-224F-4B26-B021-4FAAAC443150}.Release|x86.ActiveCfg = Release|Any CPU
		{3BAE7770-224F-4B26-B021-4FAAAC443150}.Release|x86.Build.0 = Release|Any CPU
		{E5550F37-E614-4C43-B145-63E5B08AF726}.Debug|Any CPU.ActiveCfg = Debug|Any CPU
		{E5550F37-E614-4C43-B145-63E5B08AF726}.Debug|Any CPU.Build.0 = Debug|Any CPU
		{E5550F37-E614-4C43-B145-63E5B08AF726}.Debug|x86.ActiveCfg = Debug|Any CPU
		{E5550F37-E614-4C43-B145-63E5B08AF726}.Debug|x86.Build.0 = Debug|Any CPU
		{E5550F37-E614-4C43-B145-63E5B08AF726}.ForRtuXP|Any CPU.ActiveCfg = Release|Any CPU
		{E5550F37-E614-4C43-B145-63E5B08AF726}.ForRtuXP|Any CPU.Build.0 = Release|Any CPU
		{E5550F37-E614-4C43-B145-63E5B08AF726}.ForRtuXP|x86.ActiveCfg = Release|Any CPU
		{E5550F37-E614-4C43-B145-63E5B08AF726}.ForRtuXP|x86.Build.0 = Release|Any CPU
		{E5550F37-E614-4C43-B145-63E5B08AF726}.Release|Any CPU.ActiveCfg = Release|Any CPU
		{E5550F37-E614-4C43-B145-63E5B08AF726}.Release|Any CPU.Build.0 = Release|Any CPU
		{E5550F37-E614-4C43-B145-63E5B08AF726}.Release|x86.ActiveCfg = Release|Any CPU
		{E5550F37-E614-4C43-B145-63E5B08AF726}.Release|x86.Build.0 = Release|Any CPU
		{53F6DA06-2D94-401E-A65C-E7FF66241E6D}.Debug|Any CPU.ActiveCfg = Debug|Any CPU
		{53F6DA06-2D94-401E-A65C-E7FF66241E6D}.Debug|Any CPU.Build.0 = Debug|Any CPU
		{53F6DA06-2D94-401E-A65C-E7FF66241E6D}.Debug|x86.ActiveCfg = Debug|Any CPU
		{53F6DA06-2D94-401E-A65C-E7FF66241E6D}.Debug|x86.Build.0 = Debug|Any CPU
		{53F6DA06-2D94-401E-A65C-E7FF66241E6D}.ForRtuXP|Any CPU.ActiveCfg = Release|Any CPU
		{53F6DA06-2D94-401E-A65C-E7FF66241E6D}.ForRtuXP|Any CPU.Build.0 = Release|Any CPU
		{53F6DA06-2D94-401E-A65C-E7FF66241E6D}.ForRtuXP|x86.ActiveCfg = Release|Any CPU
		{53F6DA06-2D94-401E-A65C-E7FF66241E6D}.ForRtuXP|x86.Build.0 = Release|Any CPU
		{53F6DA06-2D94-401E-A65C-E7FF66241E6D}.Release|Any CPU.ActiveCfg = Release|Any CPU
		{53F6DA06-2D94-401E-A65C-E7FF66241E6D}.Release|Any CPU.Build.0 = Release|Any CPU
		{53F6DA06-2D94-401E-A65C-E7FF66241E6D}.Release|x86.ActiveCfg = Release|Any CPU
		{53F6DA06-2D94-401E-A65C-E7FF66241E6D}.Release|x86.Build.0 = Release|Any CPU
		{5DB35DDB-4F0D-414D-9F1F-159563E9B983}.Debug|Any CPU.ActiveCfg = Debug|Any CPU
		{5DB35DDB-4F0D-414D-9F1F-159563E9B983}.Debug|Any CPU.Build.0 = Debug|Any CPU
		{5DB35DDB-4F0D-414D-9F1F-159563E9B983}.Debug|x86.ActiveCfg = Debug|Any CPU
		{5DB35DDB-4F0D-414D-9F1F-159563E9B983}.Debug|x86.Build.0 = Debug|Any CPU
		{5DB35DDB-4F0D-414D-9F1F-159563E9B983}.ForRtuXP|Any CPU.ActiveCfg = Debug|Any CPU
		{5DB35DDB-4F0D-414D-9F1F-159563E9B983}.ForRtuXP|Any CPU.Build.0 = Debug|Any CPU
		{5DB35DDB-4F0D-414D-9F1F-159563E9B983}.ForRtuXP|x86.ActiveCfg = Debug|Any CPU
		{5DB35DDB-4F0D-414D-9F1F-159563E9B983}.ForRtuXP|x86.Build.0 = Debug|Any CPU
		{5DB35DDB-4F0D-414D-9F1F-159563E9B983}.Release|Any CPU.ActiveCfg = Release|Any CPU
		{5DB35DDB-4F0D-414D-9F1F-159563E9B983}.Release|Any CPU.Build.0 = Release|Any CPU
		{5DB35DDB-4F0D-414D-9F1F-159563E9B983}.Release|x86.ActiveCfg = Release|Any CPU
		{5DB35DDB-4F0D-414D-9F1F-159563E9B983}.Release|x86.Build.0 = Release|Any CPU
		{F2C8BD72-1AA0-43FD-946D-32D6F87E83CF}.Debug|Any CPU.ActiveCfg = Debug|Any CPU
		{F2C8BD72-1AA0-43FD-946D-32D6F87E83CF}.Debug|Any CPU.Build.0 = Debug|Any CPU
		{F2C8BD72-1AA0-43FD-946D-32D6F87E83CF}.Debug|x86.ActiveCfg = Debug|Any CPU
		{F2C8BD72-1AA0-43FD-946D-32D6F87E83CF}.Debug|x86.Build.0 = Debug|Any CPU
		{F2C8BD72-1AA0-43FD-946D-32D6F87E83CF}.ForRtuXP|Any CPU.ActiveCfg = Debug|Any CPU
		{F2C8BD72-1AA0-43FD-946D-32D6F87E83CF}.ForRtuXP|Any CPU.Build.0 = Debug|Any CPU
		{F2C8BD72-1AA0-43FD-946D-32D6F87E83CF}.ForRtuXP|x86.ActiveCfg = Debug|Any CPU
		{F2C8BD72-1AA0-43FD-946D-32D6F87E83CF}.ForRtuXP|x86.Build.0 = Debug|Any CPU
		{F2C8BD72-1AA0-43FD-946D-32D6F87E83CF}.Release|Any CPU.ActiveCfg = Release|Any CPU
		{F2C8BD72-1AA0-43FD-946D-32D6F87E83CF}.Release|Any CPU.Build.0 = Release|Any CPU
		{F2C8BD72-1AA0-43FD-946D-32D6F87E83CF}.Release|x86.ActiveCfg = Release|Any CPU
		{F2C8BD72-1AA0-43FD-946D-32D6F87E83CF}.Release|x86.Build.0 = Release|Any CPU
		{0787E8E3-1E1A-4786-B274-5B9CBA5D3C47}.Debug|Any CPU.ActiveCfg = Debug|Any CPU
		{0787E8E3-1E1A-4786-B274-5B9CBA5D3C47}.Debug|Any CPU.Build.0 = Debug|Any CPU
		{0787E8E3-1E1A-4786-B274-5B9CBA5D3C47}.Debug|x86.ActiveCfg = Debug|Any CPU
		{0787E8E3-1E1A-4786-B274-5B9CBA5D3C47}.Debug|x86.Build.0 = Debug|Any CPU
		{0787E8E3-1E1A-4786-B274-5B9CBA5D3C47}.ForRtuXP|Any CPU.ActiveCfg = Debug|Any CPU
		{0787E8E3-1E1A-4786-B274-5B9CBA5D3C47}.ForRtuXP|Any CPU.Build.0 = Debug|Any CPU
		{0787E8E3-1E1A-4786-B274-5B9CBA5D3C47}.ForRtuXP|x86.ActiveCfg = Debug|Any CPU
		{0787E8E3-1E1A-4786-B274-5B9CBA5D3C47}.ForRtuXP|x86.Build.0 = Debug|Any CPU
		{0787E8E3-1E1A-4786-B274-5B9CBA5D3C47}.Release|Any CPU.ActiveCfg = Release|Any CPU
		{0787E8E3-1E1A-4786-B274-5B9CBA5D3C47}.Release|Any CPU.Build.0 = Release|Any CPU
		{0787E8E3-1E1A-4786-B274-5B9CBA5D3C47}.Release|x86.ActiveCfg = Release|Any CPU
		{0787E8E3-1E1A-4786-B274-5B9CBA5D3C47}.Release|x86.Build.0 = Release|Any CPU
		{E7F934E0-AB65-4146-BB64-4FDB6EEE4F33}.Debug|Any CPU.ActiveCfg = Debug|Any CPU
		{E7F934E0-AB65-4146-BB64-4FDB6EEE4F33}.Debug|Any CPU.Build.0 = Debug|Any CPU
		{E7F934E0-AB65-4146-BB64-4FDB6EEE4F33}.Debug|x86.ActiveCfg = Debug|Any CPU
		{E7F934E0-AB65-4146-BB64-4FDB6EEE4F33}.Debug|x86.Build.0 = Debug|Any CPU
		{E7F934E0-AB65-4146-BB64-4FDB6EEE4F33}.ForRtuXP|Any CPU.ActiveCfg = Debug|Any CPU
		{E7F934E0-AB65-4146-BB64-4FDB6EEE4F33}.ForRtuXP|Any CPU.Build.0 = Debug|Any CPU
		{E7F934E0-AB65-4146-BB64-4FDB6EEE4F33}.ForRtuXP|x86.ActiveCfg = Debug|Any CPU
		{E7F934E0-AB65-4146-BB64-4FDB6EEE4F33}.ForRtuXP|x86.Build.0 = Debug|Any CPU
		{E7F934E0-AB65-4146-BB64-4FDB6EEE4F33}.Release|Any CPU.ActiveCfg = Release|Any CPU
		{E7F934E0-AB65-4146-BB64-4FDB6EEE4F33}.Release|Any CPU.Build.0 = Release|Any CPU
		{E7F934E0-AB65-4146-BB64-4FDB6EEE4F33}.Release|x86.ActiveCfg = Release|Any CPU
		{E7F934E0-AB65-4146-BB64-4FDB6EEE4F33}.Release|x86.Build.0 = Release|Any CPU
		{EC108942-F080-47EB-9A36-11F7E911C147}.Debug|Any CPU.ActiveCfg = Debug|Any CPU
		{EC108942-F080-47EB-9A36-11F7E911C147}.Debug|Any CPU.Build.0 = Debug|Any CPU
		{EC108942-F080-47EB-9A36-11F7E911C147}.Debug|x86.ActiveCfg = Debug|Any CPU
		{EC108942-F080-47EB-9A36-11F7E911C147}.Debug|x86.Build.0 = Debug|Any CPU
		{EC108942-F080-47EB-9A36-11F7E911C147}.ForRtuXP|Any CPU.ActiveCfg = Debug|Any CPU
		{EC108942-F080-47EB-9A36-11F7E911C147}.ForRtuXP|Any CPU.Build.0 = Debug|Any CPU
		{EC108942-F080-47EB-9A36-11F7E911C147}.ForRtuXP|x86.ActiveCfg = Debug|Any CPU
		{EC108942-F080-47EB-9A36-11F7E911C147}.ForRtuXP|x86.Build.0 = Debug|Any CPU
		{EC108942-F080-47EB-9A36-11F7E911C147}.Release|Any CPU.ActiveCfg = Release|Any CPU
		{EC108942-F080-47EB-9A36-11F7E911C147}.Release|Any CPU.Build.0 = Release|Any CPU
		{EC108942-F080-47EB-9A36-11F7E911C147}.Release|x86.ActiveCfg = Release|Any CPU
		{EC108942-F080-47EB-9A36-11F7E911C147}.Release|x86.Build.0 = Release|Any CPU
		{C5855960-2A3B-409C-8C68-CF6B51F5F82C}.Debug|Any CPU.ActiveCfg = Debug|Any CPU
		{C5855960-2A3B-409C-8C68-CF6B51F5F82C}.Debug|Any CPU.Build.0 = Debug|Any CPU
		{C5855960-2A3B-409C-8C68-CF6B51F5F82C}.Debug|x86.ActiveCfg = Debug|Any CPU
		{C5855960-2A3B-409C-8C68-CF6B51F5F82C}.Debug|x86.Build.0 = Debug|Any CPU
		{C5855960-2A3B-409C-8C68-CF6B51F5F82C}.ForRtuXP|Any CPU.ActiveCfg = Debug|Any CPU
		{C5855960-2A3B-409C-8C68-CF6B51F5F82C}.ForRtuXP|Any CPU.Build.0 = Debug|Any CPU
		{C5855960-2A3B-409C-8C68-CF6B51F5F82C}.ForRtuXP|x86.ActiveCfg = Debug|Any CPU
		{C5855960-2A3B-409C-8C68-CF6B51F5F82C}.ForRtuXP|x86.Build.0 = Debug|Any CPU
		{C5855960-2A3B-409C-8C68-CF6B51F5F82C}.Release|Any CPU.ActiveCfg = Release|Any CPU
		{C5855960-2A3B-409C-8C68-CF6B51F5F82C}.Release|Any CPU.Build.0 = Release|Any CPU
		{C5855960-2A3B-409C-8C68-CF6B51F5F82C}.Release|x86.ActiveCfg = Release|Any CPU
		{C5855960-2A3B-409C-8C68-CF6B51F5F82C}.Release|x86.Build.0 = Release|Any CPU
		{5D45F7E4-7B10-421E-8FE2-191EE400DFAF}.Debug|Any CPU.ActiveCfg = Debug|Any CPU
		{5D45F7E4-7B10-421E-8FE2-191EE400DFAF}.Debug|Any CPU.Build.0 = Debug|Any CPU
		{5D45F7E4-7B10-421E-8FE2-191EE400DFAF}.Debug|x86.ActiveCfg = Debug|Any CPU
		{5D45F7E4-7B10-421E-8FE2-191EE400DFAF}.Debug|x86.Build.0 = Debug|Any CPU
		{5D45F7E4-7B10-421E-8FE2-191EE400DFAF}.ForRtuXP|Any CPU.ActiveCfg = Debug|Any CPU
		{5D45F7E4-7B10-421E-8FE2-191EE400DFAF}.ForRtuXP|Any CPU.Build.0 = Debug|Any CPU
		{5D45F7E4-7B10-421E-8FE2-191EE400DFAF}.ForRtuXP|x86.ActiveCfg = Debug|Any CPU
		{5D45F7E4-7B10-421E-8FE2-191EE400DFAF}.ForRtuXP|x86.Build.0 = Debug|Any CPU
		{5D45F7E4-7B10-421E-8FE2-191EE400DFAF}.Release|Any CPU.ActiveCfg = Release|Any CPU
		{5D45F7E4-7B10-421E-8FE2-191EE400DFAF}.Release|Any CPU.Build.0 = Release|Any CPU
		{5D45F7E4-7B10-421E-8FE2-191EE400DFAF}.Release|x86.ActiveCfg = Release|Any CPU
		{5D45F7E4-7B10-421E-8FE2-191EE400DFAF}.Release|x86.Build.0 = Release|Any CPU
		{B2DC339B-442A-4440-945C-68235E95DF93}.Debug|Any CPU.ActiveCfg = Debug|Any CPU
		{B2DC339B-442A-4440-945C-68235E95DF93}.Debug|Any CPU.Build.0 = Debug|Any CPU
		{B2DC339B-442A-4440-945C-68235E95DF93}.Debug|x86.ActiveCfg = Debug|Any CPU
		{B2DC339B-442A-4440-945C-68235E95DF93}.Debug|x86.Build.0 = Debug|Any CPU
		{B2DC339B-442A-4440-945C-68235E95DF93}.ForRtuXP|Any CPU.ActiveCfg = Debug|Any CPU
		{B2DC339B-442A-4440-945C-68235E95DF93}.ForRtuXP|Any CPU.Build.0 = Debug|Any CPU
		{B2DC339B-442A-4440-945C-68235E95DF93}.ForRtuXP|x86.ActiveCfg = Debug|Any CPU
		{B2DC339B-442A-4440-945C-68235E95DF93}.ForRtuXP|x86.Build.0 = Debug|Any CPU
		{B2DC339B-442A-4440-945C-68235E95DF93}.Release|Any CPU.ActiveCfg = Release|Any CPU
		{B2DC339B-442A-4440-945C-68235E95DF93}.Release|Any CPU.Build.0 = Release|Any CPU
		{B2DC339B-442A-4440-945C-68235E95DF93}.Release|x86.ActiveCfg = Release|Any CPU
		{B2DC339B-442A-4440-945C-68235E95DF93}.Release|x86.Build.0 = Release|Any CPU
		{C6E5DC39-BB08-44B2-A6FE-2CD6D45E26C1}.Debug|Any CPU.ActiveCfg = Debug|Any CPU
		{C6E5DC39-BB08-44B2-A6FE-2CD6D45E26C1}.Debug|Any CPU.Build.0 = Debug|Any CPU
		{C6E5DC39-BB08-44B2-A6FE-2CD6D45E26C1}.Debug|x86.ActiveCfg = Debug|Any CPU
		{C6E5DC39-BB08-44B2-A6FE-2CD6D45E26C1}.Debug|x86.Build.0 = Debug|Any CPU
		{C6E5DC39-BB08-44B2-A6FE-2CD6D45E26C1}.ForRtuXP|Any CPU.ActiveCfg = Debug|Any CPU
		{C6E5DC39-BB08-44B2-A6FE-2CD6D45E26C1}.ForRtuXP|Any CPU.Build.0 = Debug|Any CPU
		{C6E5DC39-BB08-44B2-A6FE-2CD6D45E26C1}.ForRtuXP|x86.ActiveCfg = Debug|Any CPU
		{C6E5DC39-BB08-44B2-A6FE-2CD6D45E26C1}.ForRtuXP|x86.Build.0 = Debug|Any CPU
		{C6E5DC39-BB08-44B2-A6FE-2CD6D45E26C1}.Release|Any CPU.ActiveCfg = Release|Any CPU
		{C6E5DC39-BB08-44B2-A6FE-2CD6D45E26C1}.Release|Any CPU.Build.0 = Release|Any CPU
		{C6E5DC39-BB08-44B2-A6FE-2CD6D45E26C1}.Release|x86.ActiveCfg = Release|Any CPU
		{C6E5DC39-BB08-44B2-A6FE-2CD6D45E26C1}.Release|x86.Build.0 = Release|Any CPU
	EndGlobalSection
	GlobalSection(SolutionProperties) = preSolution
		HideSolutionNode = FALSE
	EndGlobalSection
	GlobalSection(NestedProjects) = preSolution
		{99C008DF-F917-4D22-B817-C7C54230E39D} = {B4A46C58-860C-4E1F-9F34-D6A57CA77AD0}
		{91548749-3025-483F-B261-A91E29308B04} = {0F835E05-95F1-4F6E-BF58-5CF330685A61}
		{A1BCC9B0-CB61-4D8F-9EF7-395B4CCFA69B} = {0F835E05-95F1-4F6E-BF58-5CF330685A61}
		{3BAE7770-224F-4B26-B021-4FAAAC443150} = {3A54ABF1-D57E-4DD1-AE3F-A202999C35B8}
		{E5550F37-E614-4C43-B145-63E5B08AF726} = {0F835E05-95F1-4F6E-BF58-5CF330685A61}
		{53F6DA06-2D94-401E-A65C-E7FF66241E6D} = {50FF631B-F8A2-4ED3-828D-D0DC6A99D280}
		{5DB35DDB-4F0D-414D-9F1F-159563E9B983} = {0F835E05-95F1-4F6E-BF58-5CF330685A61}
		{F2C8BD72-1AA0-43FD-946D-32D6F87E83CF} = {0F835E05-95F1-4F6E-BF58-5CF330685A61}
		{0787E8E3-1E1A-4786-B274-5B9CBA5D3C47} = {0F835E05-95F1-4F6E-BF58-5CF330685A61}
		{E7F934E0-AB65-4146-BB64-4FDB6EEE4F33} = {50FF631B-F8A2-4ED3-828D-D0DC6A99D280}
		{EC108942-F080-47EB-9A36-11F7E911C147} = {50FF631B-F8A2-4ED3-828D-D0DC6A99D280}
		{C5855960-2A3B-409C-8C68-CF6B51F5F82C} = {50FF631B-F8A2-4ED3-828D-D0DC6A99D280}
		{5D45F7E4-7B10-421E-8FE2-191EE400DFAF} = {50FF631B-F8A2-4ED3-828D-D0DC6A99D280}
		{B2DC339B-442A-4440-945C-68235E95DF93} = {B4A46C58-860C-4E1F-9F34-D6A57CA77AD0}
		{C6E5DC39-BB08-44B2-A6FE-2CD6D45E26C1} = {50FF631B-F8A2-4ED3-828D-D0DC6A99D280}
	EndGlobalSection
	GlobalSection(ExtensibilityGlobals) = postSolution
		SolutionGuid = {60961ADF-6976-4067-B12B-30EA94B22DD7}
	EndGlobalSection
EndGlobal
